
Microsoft Visual Studio Solution File, Format Version 12.00
# Visual Studio Version 17
VisualStudioVersion = 17.3.32819.101
MinimumVisualStudioVersion = 10.0.40219.1
Project("{FAE04EC0-301F-11D3-BF4B-00C04F79EFBC}") = "kordamine oop", "kordamine oop\kordamine oop.csproj", "{A59643DD-DBA7-4249-B3E2-C528500A5A0B}"
EndProject
Global
	GlobalSection(SolutionConfigurationPlatforms) = preSolution
		Debug|Any CPU = Debug|Any CPU
		Release|Any CPU = Release|Any CPU
	EndGlobalSection
	GlobalSection(ProjectConfigurationPlatforms) = postSolution
		{A59643DD-DBA7-4249-B3E2-C528500A5A0B}.Debug|Any CPU.ActiveCfg = Debug|Any CPU
		{A59643DD-DBA7-4249-B3E2-C528500A5A0B}.Debug|Any CPU.Build.0 = Debug|Any CPU
		{A59643DD-DBA7-4249-B3E2-C528500A5A0B}.Release|Any CPU.ActiveCfg = Release|Any CPU
		{A59643DD-DBA7-4249-B3E2-C528500A5A0B}.Release|Any CPU.Build.0 = Release|Any CPU
	EndGlobalSection
	GlobalSection(SolutionProperties) = preSolution
		HideSolutionNode = FALSE
	EndGlobalSection
	GlobalSection(ExtensibilityGlobals) = postSolution
		SolutionGuid = {3E16157F-CC13-4311-9F66-A7B3080B668A}
	EndGlobalSection
EndGlobal
